// !$*UTF8*$!
{
	archiveVersion = 1;
	classes = {
	};
	objectVersion = 46;
	objects = {

/* Begin PBXBuildFile section */
		05CABDA0E02BA8FBA80D5B6F /* Pods_SAMobileArchitecture.framework in Frameworks */ = {isa = PBXBuildFile; fileRef = 754DB29E323BA8427C76C4B5 /* Pods_SAMobileArchitecture.framework */; };
		1B6C7A181F7006270026629F /* FavouritesViewModel.swift in Sources */ = {isa = PBXBuildFile; fileRef = 1B6C7A171F7006270026629F /* FavouritesViewModel.swift */; };
		1B6C7A1A1F700DE80026629F /* FavouriteCellViewModel.swift in Sources */ = {isa = PBXBuildFile; fileRef = 1B6C7A191F700DE80026629F /* FavouriteCellViewModel.swift */; };
		1BA0081A1F6AD9400008D563 /* Actions.swift in Sources */ = {isa = PBXBuildFile; fileRef = 1BA008191F6AD9400008D563 /* Actions.swift */; };
		1BC33DA81F62CE49007B7ECF /* BackendModel.swift in Sources */ = {isa = PBXBuildFile; fileRef = 1BC33DA71F62CE49007B7ECF /* BackendModel.swift */; };
		1BC33DAA1F62CE7A007B7ECF /* BackendTask.swift in Sources */ = {isa = PBXBuildFile; fileRef = 1BC33DA91F62CE7A007B7ECF /* BackendTask.swift */; };
		1BC33DB41F62EB61007B7ECF /* MainViewModel.swift in Sources */ = {isa = PBXBuildFile; fileRef = 1BC33DB31F62EB61007B7ECF /* MainViewModel.swift */; };
		1BC33DB91F62F0C0007B7ECF /* ItemCellViewModel.swift in Sources */ = {isa = PBXBuildFile; fileRef = 1BC33DB81F62F0C0007B7ECF /* ItemCellViewModel.swift */; };
		1BC33DF61F656BC7007B7ECF /* Store.swift in Sources */ = {isa = PBXBuildFile; fileRef = 1BC33DF51F656BC7007B7ECF /* Store.swift */; };
		1BEB21C01F62BE5D00517EFC /* AppDelegate.swift in Sources */ = {isa = PBXBuildFile; fileRef = 1BEB21BF1F62BE5D00517EFC /* AppDelegate.swift */; };
		1BEB21C21F62BE5D00517EFC /* IntroController.swift in Sources */ = {isa = PBXBuildFile; fileRef = 1BEB21C11F62BE5D00517EFC /* IntroController.swift */; };
		1BEB21C51F62BE5D00517EFC /* Main.storyboard in Resources */ = {isa = PBXBuildFile; fileRef = 1BEB21C31F62BE5D00517EFC /* Main.storyboard */; };
		1BEB21C71F62BE5D00517EFC /* Assets.xcassets in Resources */ = {isa = PBXBuildFile; fileRef = 1BEB21C61F62BE5D00517EFC /* Assets.xcassets */; };
		1BEB21CA1F62BE5D00517EFC /* LaunchScreen.storyboard in Resources */ = {isa = PBXBuildFile; fileRef = 1BEB21C81F62BE5D00517EFC /* LaunchScreen.storyboard */; };
		1BEB21D71F62BF1000517EFC /* MainController.swift in Sources */ = {isa = PBXBuildFile; fileRef = 1BEB21D61F62BF1000517EFC /* MainController.swift */; };
		1BEB21DA1F62BF1E00517EFC /* FavouritesController.swift in Sources */ = {isa = PBXBuildFile; fileRef = 1BEB21D91F62BF1E00517EFC /* FavouritesController.swift */; };
		1BEB21DD1F62C10800517EFC /* ItemCell.swift in Sources */ = {isa = PBXBuildFile; fileRef = 1BEB21DC1F62C10800517EFC /* ItemCell.swift */; };
		1BEB21E01F62C21D00517EFC /* FavouriteCell.swift in Sources */ = {isa = PBXBuildFile; fileRef = 1BEB21DF1F62C21D00517EFC /* FavouriteCell.swift */; };
		1BEB21E41F62C2B800517EFC /* Request.swift in Sources */ = {isa = PBXBuildFile; fileRef = 1BEB21E31F62C2B800517EFC /* Request.swift */; };
		1BEB21E61F62C2C200517EFC /* Task.swift in Sources */ = {isa = PBXBuildFile; fileRef = 1BEB21E51F62C2C200517EFC /* Task.swift */; };
		1BEB21E81F62C2E600517EFC /* Events.swift in Sources */ = {isa = PBXBuildFile; fileRef = 1BEB21E71F62C2E600517EFC /* Events.swift */; };
		1BF0F0BC1F6A99B600D76869 /* State.swift in Sources */ = {isa = PBXBuildFile; fileRef = 1BF0F0BB1F6A99B600D76869 /* State.swift */; };
		1BF0F0C11F6AB94100D76869 /* Reducers.swift in Sources */ = {isa = PBXBuildFile; fileRef = 1BF0F0C01F6AB94100D76869 /* Reducers.swift */; };
/* End PBXBuildFile section */

/* Begin PBXFileReference section */
		1B6C7A171F7006270026629F /* FavouritesViewModel.swift */ = {isa = PBXFileReference; fileEncoding = 4; lastKnownFileType = sourcecode.swift; path = FavouritesViewModel.swift; sourceTree = "<group>"; };
		1B6C7A191F700DE80026629F /* FavouriteCellViewModel.swift */ = {isa = PBXFileReference; fileEncoding = 4; lastKnownFileType = sourcecode.swift; path = FavouriteCellViewModel.swift; sourceTree = "<group>"; };
		1BA008191F6AD9400008D563 /* Actions.swift */ = {isa = PBXFileReference; fileEncoding = 4; lastKnownFileType = sourcecode.swift; path = Actions.swift; sourceTree = "<group>"; };
		1BC33DA71F62CE49007B7ECF /* BackendModel.swift */ = {isa = PBXFileReference; fileEncoding = 4; lastKnownFileType = sourcecode.swift; path = BackendModel.swift; sourceTree = "<group>"; };
		1BC33DA91F62CE7A007B7ECF /* BackendTask.swift */ = {isa = PBXFileReference; fileEncoding = 4; lastKnownFileType = sourcecode.swift; path = BackendTask.swift; sourceTree = "<group>"; };
		1BC33DB31F62EB61007B7ECF /* MainViewModel.swift */ = {isa = PBXFileReference; fileEncoding = 4; lastKnownFileType = sourcecode.swift; path = MainViewModel.swift; sourceTree = "<group>"; };
		1BC33DB81F62F0C0007B7ECF /* ItemCellViewModel.swift */ = {isa = PBXFileReference; fileEncoding = 4; lastKnownFileType = sourcecode.swift; path = ItemCellViewModel.swift; sourceTree = "<group>"; };
		1BC33DF51F656BC7007B7ECF /* Store.swift */ = {isa = PBXFileReference; fileEncoding = 4; lastKnownFileType = sourcecode.swift; path = Store.swift; sourceTree = "<group>"; };
		1BEB21BC1F62BE5D00517EFC /* SAMobileArchitecture.app */ = {isa = PBXFileReference; explicitFileType = wrapper.application; includeInIndex = 0; path = SAMobileArchitecture.app; sourceTree = BUILT_PRODUCTS_DIR; };
		1BEB21BF1F62BE5D00517EFC /* AppDelegate.swift */ = {isa = PBXFileReference; lastKnownFileType = sourcecode.swift; path = AppDelegate.swift; sourceTree = "<group>"; };
		1BEB21C11F62BE5D00517EFC /* IntroController.swift */ = {isa = PBXFileReference; lastKnownFileType = sourcecode.swift; path = IntroController.swift; sourceTree = "<group>"; };
		1BEB21C41F62BE5D00517EFC /* Base */ = {isa = PBXFileReference; lastKnownFileType = file.storyboard; name = Base; path = Base.lproj/Main.storyboard; sourceTree = "<group>"; };
		1BEB21C61F62BE5D00517EFC /* Assets.xcassets */ = {isa = PBXFileReference; lastKnownFileType = folder.assetcatalog; path = Assets.xcassets; sourceTree = "<group>"; };
		1BEB21C91F62BE5D00517EFC /* Base */ = {isa = PBXFileReference; lastKnownFileType = file.storyboard; name = Base; path = Base.lproj/LaunchScreen.storyboard; sourceTree = "<group>"; };
		1BEB21CB1F62BE5D00517EFC /* Info.plist */ = {isa = PBXFileReference; lastKnownFileType = text.plist.xml; path = Info.plist; sourceTree = "<group>"; };
		1BEB21D61F62BF1000517EFC /* MainController.swift */ = {isa = PBXFileReference; fileEncoding = 4; lastKnownFileType = sourcecode.swift; path = MainController.swift; sourceTree = "<group>"; };
		1BEB21D91F62BF1E00517EFC /* FavouritesController.swift */ = {isa = PBXFileReference; fileEncoding = 4; lastKnownFileType = sourcecode.swift; path = FavouritesController.swift; sourceTree = "<group>"; };
		1BEB21DC1F62C10800517EFC /* ItemCell.swift */ = {isa = PBXFileReference; fileEncoding = 4; lastKnownFileType = sourcecode.swift; path = ItemCell.swift; sourceTree = "<group>"; };
		1BEB21DF1F62C21D00517EFC /* FavouriteCell.swift */ = {isa = PBXFileReference; fileEncoding = 4; lastKnownFileType = sourcecode.swift; path = FavouriteCell.swift; sourceTree = "<group>"; };
		1BEB21E31F62C2B800517EFC /* Request.swift */ = {isa = PBXFileReference; fileEncoding = 4; lastKnownFileType = sourcecode.swift; path = Request.swift; sourceTree = "<group>"; };
		1BEB21E51F62C2C200517EFC /* Task.swift */ = {isa = PBXFileReference; fileEncoding = 4; lastKnownFileType = sourcecode.swift; path = Task.swift; sourceTree = "<group>"; };
		1BEB21E71F62C2E600517EFC /* Events.swift */ = {isa = PBXFileReference; fileEncoding = 4; lastKnownFileType = sourcecode.swift; path = Events.swift; sourceTree = "<group>"; };
		1BF0F0BB1F6A99B600D76869 /* State.swift */ = {isa = PBXFileReference; fileEncoding = 4; lastKnownFileType = sourcecode.swift; path = State.swift; sourceTree = "<group>"; };
		1BF0F0C01F6AB94100D76869 /* Reducers.swift */ = {isa = PBXFileReference; fileEncoding = 4; lastKnownFileType = sourcecode.swift; path = Reducers.swift; sourceTree = "<group>"; };
		43C9283337CA8206515596F8 /* Pods-SAMobileArchitecture.debug.xcconfig */ = {isa = PBXFileReference; includeInIndex = 1; lastKnownFileType = text.xcconfig; name = "Pods-SAMobileArchitecture.debug.xcconfig"; path = "Pods/Target Support Files/Pods-SAMobileArchitecture/Pods-SAMobileArchitecture.debug.xcconfig"; sourceTree = "<group>"; };
		719DDC4AFE5900782503CB6A /* Pods-SAMobileArchitecture.release.xcconfig */ = {isa = PBXFileReference; includeInIndex = 1; lastKnownFileType = text.xcconfig; name = "Pods-SAMobileArchitecture.release.xcconfig"; path = "Pods/Target Support Files/Pods-SAMobileArchitecture/Pods-SAMobileArchitecture.release.xcconfig"; sourceTree = "<group>"; };
		754DB29E323BA8427C76C4B5 /* Pods_SAMobileArchitecture.framework */ = {isa = PBXFileReference; explicitFileType = wrapper.framework; includeInIndex = 0; path = Pods_SAMobileArchitecture.framework; sourceTree = BUILT_PRODUCTS_DIR; };
/* End PBXFileReference section */

/* Begin PBXFrameworksBuildPhase section */
		1BEB21B91F62BE5D00517EFC /* Frameworks */ = {
			isa = PBXFrameworksBuildPhase;
			buildActionMask = 2147483647;
			files = (
				05CABDA0E02BA8FBA80D5B6F /* Pods_SAMobileArchitecture.framework in Frameworks */,
			);
			runOnlyForDeploymentPostprocessing = 0;
		};
/* End PBXFrameworksBuildPhase section */

/* Begin PBXGroup section */
		1BA0081B1F6AEA4D0008D563 /* Views */ = {
			isa = PBXGroup;
			children = (
				1BEB21D41F62BEFF00517EFC /* Intro */,
				1BEB21D51F62BF0400517EFC /* Main */,
				1BEB21DB1F62C0F600517EFC /* ItemCell */,
				1BEB21D81F62BF1300517EFC /* Favourites */,
				1BEB21DE1F62C21100517EFC /* FavouriteCell */,
			);
			name = Views;
			sourceTree = "<group>";
		};
		1BC33DA41F62CE2C007B7ECF /* Backend */ = {
			isa = PBXGroup;
			children = (
				1BC33DA61F62CE35007B7ECF /* Services */,
				1BC33DA51F62CE31007B7ECF /* Models */,
			);
			name = Backend;
			sourceTree = "<group>";
		};
		1BC33DA51F62CE31007B7ECF /* Models */ = {
			isa = PBXGroup;
			children = (
				1BC33DA71F62CE49007B7ECF /* BackendModel.swift */,
			);
			name = Models;
			sourceTree = "<group>";
		};
		1BC33DA61F62CE35007B7ECF /* Services */ = {
			isa = PBXGroup;
			children = (
				1BC33DA91F62CE7A007B7ECF /* BackendTask.swift */,
			);
			name = Services;
			sourceTree = "<group>";
		};
		1BC33E321F67DF3F007B7ECF /* App */ = {
			isa = PBXGroup;
			children = (
				1BC33DF51F656BC7007B7ECF /* Store.swift */,
				1BEB21E71F62C2E600517EFC /* Events.swift */,
				1BF0F0BB1F6A99B600D76869 /* State.swift */,
				1BA008191F6AD9400008D563 /* Actions.swift */,
				1BF0F0C01F6AB94100D76869 /* Reducers.swift */,
			);
			name = App;
			sourceTree = "<group>";
		};
		1BEB21B31F62BE5D00517EFC = {
			isa = PBXGroup;
			children = (
				1BEB21BE1F62BE5D00517EFC /* SAMobileArchitecture */,
				1BEB21BD1F62BE5D00517EFC /* Products */,
				E7AA83392E01845A7742145A /* Pods */,
				D8D0B9F7C058B7F105382FAD /* Frameworks */,
			);
			sourceTree = "<group>";
		};
		1BEB21BD1F62BE5D00517EFC /* Products */ = {
			isa = PBXGroup;
			children = (
				1BEB21BC1F62BE5D00517EFC /* SAMobileArchitecture.app */,
			);
			name = Products;
			sourceTree = "<group>";
		};
		1BEB21BE1F62BE5D00517EFC /* SAMobileArchitecture */ = {
			isa = PBXGroup;
			children = (
				1BEB21D31F62BEDE00517EFC /* Aux */,
				1BEB21D21F62BED500517EFC /* Storyboards */,
				1BEB21D11F62BED000517EFC /* Src */,
				1BEB21E11F62C29700517EFC /* Backend */,
			);
			path = SAMobileArchitecture;
			sourceTree = "<group>";
		};
		1BEB21D11F62BED000517EFC /* Src */ = {
			isa = PBXGroup;
			children = (
				1BC33E321F67DF3F007B7ECF /* App */,
				1BA0081B1F6AEA4D0008D563 /* Views */,
			);
			name = Src;
			sourceTree = "<group>";
		};
		1BEB21D21F62BED500517EFC /* Storyboards */ = {
			isa = PBXGroup;
			children = (
				1BEB21C31F62BE5D00517EFC /* Main.storyboard */,
				1BEB21C81F62BE5D00517EFC /* LaunchScreen.storyboard */,
			);
			name = Storyboards;
			sourceTree = "<group>";
		};
		1BEB21D31F62BEDE00517EFC /* Aux */ = {
			isa = PBXGroup;
			children = (
				1BEB21BF1F62BE5D00517EFC /* AppDelegate.swift */,
				1BEB21C61F62BE5D00517EFC /* Assets.xcassets */,
				1BEB21CB1F62BE5D00517EFC /* Info.plist */,
			);
			name = Aux;
			sourceTree = "<group>";
		};
		1BEB21D41F62BEFF00517EFC /* Intro */ = {
			isa = PBXGroup;
			children = (
				1BEB21C11F62BE5D00517EFC /* IntroController.swift */,
			);
			name = Intro;
			sourceTree = "<group>";
		};
		1BEB21D51F62BF0400517EFC /* Main */ = {
			isa = PBXGroup;
			children = (
				1BEB21D61F62BF1000517EFC /* MainController.swift */,
				1BC33DB31F62EB61007B7ECF /* MainViewModel.swift */,
			);
			name = Main;
			sourceTree = "<group>";
		};
		1BEB21D81F62BF1300517EFC /* Favourites */ = {
			isa = PBXGroup;
			children = (
				1BEB21D91F62BF1E00517EFC /* FavouritesController.swift */,
				1B6C7A171F7006270026629F /* FavouritesViewModel.swift */,
			);
			name = Favourites;
			sourceTree = "<group>";
		};
		1BEB21DB1F62C0F600517EFC /* ItemCell */ = {
			isa = PBXGroup;
			children = (
				1BEB21DC1F62C10800517EFC /* ItemCell.swift */,
				1BC33DB81F62F0C0007B7ECF /* ItemCellViewModel.swift */,
			);
			name = ItemCell;
			sourceTree = "<group>";
		};
		1BEB21DE1F62C21100517EFC /* FavouriteCell */ = {
			isa = PBXGroup;
			children = (
				1BEB21DF1F62C21D00517EFC /* FavouriteCell.swift */,
				1B6C7A191F700DE80026629F /* FavouriteCellViewModel.swift */,
			);
			name = FavouriteCell;
			sourceTree = "<group>";
		};
		1BEB21E11F62C29700517EFC /* Backend */ = {
			isa = PBXGroup;
			children = (
				1BC33DA41F62CE2C007B7ECF /* Backend */,
				1BEB21E31F62C2B800517EFC /* Request.swift */,
				1BEB21E51F62C2C200517EFC /* Task.swift */,
			);
			name = Backend;
			sourceTree = "<group>";
		};
		D8D0B9F7C058B7F105382FAD /* Frameworks */ = {
			isa = PBXGroup;
			children = (
				754DB29E323BA8427C76C4B5 /* Pods_SAMobileArchitecture.framework */,
			);
			name = Frameworks;
			sourceTree = "<group>";
		};
		E7AA83392E01845A7742145A /* Pods */ = {
			isa = PBXGroup;
			children = (
				43C9283337CA8206515596F8 /* Pods-SAMobileArchitecture.debug.xcconfig */,
				719DDC4AFE5900782503CB6A /* Pods-SAMobileArchitecture.release.xcconfig */,
			);
			name = Pods;
			sourceTree = "<group>";
		};
/* End PBXGroup section */

/* Begin PBXNativeTarget section */
		1BEB21BB1F62BE5D00517EFC /* SAMobileArchitecture */ = {
			isa = PBXNativeTarget;
			buildConfigurationList = 1BEB21CE1F62BE5D00517EFC /* Build configuration list for PBXNativeTarget "SAMobileArchitecture" */;
			buildPhases = (
				EAFB088478A8377D6EF8046A /* [CP] Check Pods Manifest.lock */,
				1BEB21B81F62BE5D00517EFC /* Sources */,
				1BEB21B91F62BE5D00517EFC /* Frameworks */,
				1BEB21BA1F62BE5D00517EFC /* Resources */,
				70B535D060128C9391255C0F /* [CP] Embed Pods Frameworks */,
				99850DFF5003AB13CD63FD1D /* [CP] Copy Pods Resources */,
			);
			buildRules = (
			);
			dependencies = (
			);
			name = SAMobileArchitecture;
			productName = SAMobileArchitecture;
			productReference = 1BEB21BC1F62BE5D00517EFC /* SAMobileArchitecture.app */;
			productType = "com.apple.product-type.application";
		};
/* End PBXNativeTarget section */

/* Begin PBXProject section */
		1BEB21B41F62BE5D00517EFC /* Project object */ = {
			isa = PBXProject;
			attributes = {
				LastSwiftUpdateCheck = 0830;
				LastUpgradeCheck = 0830;
				ORGANIZATIONNAME = "Gabriel Coman";
				TargetAttributes = {
					1BEB21BB1F62BE5D00517EFC = {
						CreatedOnToolsVersion = 8.3.3;
						DevelopmentTeam = DCC9L689QJ;
						ProvisioningStyle = Automatic;
					};
				};
			};
			buildConfigurationList = 1BEB21B71F62BE5D00517EFC /* Build configuration list for PBXProject "SAMobileArchitecture" */;
			compatibilityVersion = "Xcode 3.2";
			developmentRegion = English;
			hasScannedForEncodings = 0;
			knownRegions = (
				en,
				Base,
			);
			mainGroup = 1BEB21B31F62BE5D00517EFC;
			productRefGroup = 1BEB21BD1F62BE5D00517EFC /* Products */;
			projectDirPath = "";
			projectRoot = "";
			targets = (
				1BEB21BB1F62BE5D00517EFC /* SAMobileArchitecture */,
			);
		};
/* End PBXProject section */

/* Begin PBXResourcesBuildPhase section */
		1BEB21BA1F62BE5D00517EFC /* Resources */ = {
			isa = PBXResourcesBuildPhase;
			buildActionMask = 2147483647;
			files = (
				1BEB21CA1F62BE5D00517EFC /* LaunchScreen.storyboard in Resources */,
				1BEB21C71F62BE5D00517EFC /* Assets.xcassets in Resources */,
				1BEB21C51F62BE5D00517EFC /* Main.storyboard in Resources */,
			);
			runOnlyForDeploymentPostprocessing = 0;
		};
/* End PBXResourcesBuildPhase section */

/* Begin PBXShellScriptBuildPhase section */
		70B535D060128C9391255C0F /* [CP] Embed Pods Frameworks */ = {
			isa = PBXShellScriptBuildPhase;
			buildActionMask = 2147483647;
			files = (
			);
			inputPaths = (
			);
			name = "[CP] Embed Pods Frameworks";
			outputPaths = (
			);
			runOnlyForDeploymentPostprocessing = 0;
			shellPath = /bin/sh;
			shellScript = "\"${SRCROOT}/Pods/Target Support Files/Pods-SAMobileArchitecture/Pods-SAMobileArchitecture-frameworks.sh\"\n";
			showEnvVarsInLog = 0;
		};
		99850DFF5003AB13CD63FD1D /* [CP] Copy Pods Resources */ = {
			isa = PBXShellScriptBuildPhase;
			buildActionMask = 2147483647;
			files = (
			);
			inputPaths = (
			);
			name = "[CP] Copy Pods Resources";
			outputPaths = (
			);
			runOnlyForDeploymentPostprocessing = 0;
			shellPath = /bin/sh;
			shellScript = "\"${SRCROOT}/Pods/Target Support Files/Pods-SAMobileArchitecture/Pods-SAMobileArchitecture-resources.sh\"\n";
			showEnvVarsInLog = 0;
		};
		EAFB088478A8377D6EF8046A /* [CP] Check Pods Manifest.lock */ = {
			isa = PBXShellScriptBuildPhase;
			buildActionMask = 2147483647;
			files = (
			);
			inputPaths = (
			);
			name = "[CP] Check Pods Manifest.lock";
			outputPaths = (
			);
			runOnlyForDeploymentPostprocessing = 0;
			shellPath = /bin/sh;
			shellScript = "diff \"${PODS_PODFILE_DIR_PATH}/Podfile.lock\" \"${PODS_ROOT}/Manifest.lock\" > /dev/null\nif [ $? != 0 ] ; then\n    # print error to STDERR\n    echo \"error: The sandbox is not in sync with the Podfile.lock. Run 'pod install' or update your CocoaPods installation.\" >&2\n    exit 1\nfi\n";
			showEnvVarsInLog = 0;
		};
/* End PBXShellScriptBuildPhase section */

/* Begin PBXSourcesBuildPhase section */
		1BEB21B81F62BE5D00517EFC /* Sources */ = {
			isa = PBXSourcesBuildPhase;
			buildActionMask = 2147483647;
			files = (
				1BEB21E61F62C2C200517EFC /* Task.swift in Sources */,
				1BEB21E81F62C2E600517EFC /* Events.swift in Sources */,
				1B6C7A181F7006270026629F /* FavouritesViewModel.swift in Sources */,
				1BEB21C21F62BE5D00517EFC /* IntroController.swift in Sources */,
				1BC33DA81F62CE49007B7ECF /* BackendModel.swift in Sources */,
				1BF0F0C11F6AB94100D76869 /* Reducers.swift in Sources */,
				1BC33DAA1F62CE7A007B7ECF /* BackendTask.swift in Sources */,
				1BC33DB91F62F0C0007B7ECF /* ItemCellViewModel.swift in Sources */,
				1BA0081A1F6AD9400008D563 /* Actions.swift in Sources */,
				1BEB21E01F62C21D00517EFC /* FavouriteCell.swift in Sources */,
				1BC33DF61F656BC7007B7ECF /* Store.swift in Sources */,
				1B6C7A1A1F700DE80026629F /* FavouriteCellViewModel.swift in Sources */,
				1BEB21DD1F62C10800517EFC /* ItemCell.swift in Sources */,
				1BEB21DA1F62BF1E00517EFC /* FavouritesController.swift in Sources */,
				1BEB21E41F62C2B800517EFC /* Request.swift in Sources */,
				1BEB21D71F62BF1000517EFC /* MainController.swift in Sources */,
				1BF0F0BC1F6A99B600D76869 /* State.swift in Sources */,
				1BEB21C01F62BE5D00517EFC /* AppDelegate.swift in Sources */,
				1BC33DB41F62EB61007B7ECF /* MainViewModel.swift in Sources */,
			);
			runOnlyForDeploymentPostprocessing = 0;
		};
/* End PBXSourcesBuildPhase section */

/* Begin PBXVariantGroup section */
		1BEB21C31F62BE5D00517EFC /* Main.storyboard */ = {
			isa = PBXVariantGroup;
			children = (
				1BEB21C41F62BE5D00517EFC /* Base */,
			);
			name = Main.storyboard;
			sourceTree = "<group>";
		};
		1BEB21C81F62BE5D00517EFC /* LaunchScreen.storyboard */ = {
			isa = PBXVariantGroup;
			children = (
				1BEB21C91F62BE5D00517EFC /* Base */,
			);
			name = LaunchScreen.storyboard;
			sourceTree = "<group>";
		};
/* End PBXVariantGroup section */

/* Begin XCBuildConfiguration section */
		1BEB21CC1F62BE5D00517EFC /* Debug */ = {
			isa = XCBuildConfiguration;
			buildSettings = {
				ALWAYS_SEARCH_USER_PATHS = NO;
				CLANG_ANALYZER_NONNULL = YES;
				CLANG_ANALYZER_NUMBER_OBJECT_CONVERSION = YES_AGGRESSIVE;
				CLANG_CXX_LANGUAGE_STANDARD = "gnu++0x";
				CLANG_CXX_LIBRARY = "libc++";
				CLANG_ENABLE_MODULES = YES;
				CLANG_ENABLE_OBJC_ARC = YES;
				CLANG_WARN_BOOL_CONVERSION = YES;
				CLANG_WARN_CONSTANT_CONVERSION = YES;
				CLANG_WARN_DIRECT_OBJC_ISA_USAGE = YES_ERROR;
				CLANG_WARN_DOCUMENTATION_COMMENTS = YES;
				CLANG_WARN_EMPTY_BODY = YES;
				CLANG_WARN_ENUM_CONVERSION = YES;
				CLANG_WARN_INFINITE_RECURSION = YES;
				CLANG_WARN_INT_CONVERSION = YES;
				CLANG_WARN_OBJC_ROOT_CLASS = YES_ERROR;
				CLANG_WARN_SUSPICIOUS_MOVE = YES;
				CLANG_WARN_UNREACHABLE_CODE = YES;
				CLANG_WARN__DUPLICATE_METHOD_MATCH = YES;
				"CODE_SIGN_IDENTITY[sdk=iphoneos*]" = "iPhone Developer";
				COPY_PHASE_STRIP = NO;
				DEBUG_INFORMATION_FORMAT = dwarf;
				ENABLE_STRICT_OBJC_MSGSEND = YES;
				ENABLE_TESTABILITY = YES;
				GCC_C_LANGUAGE_STANDARD = gnu99;
				GCC_DYNAMIC_NO_PIC = NO;
				GCC_NO_COMMON_BLOCKS = YES;
				GCC_OPTIMIZATION_LEVEL = 0;
				GCC_PREPROCESSOR_DEFINITIONS = (
					"DEBUG=1",
					"$(inherited)",
				);
				GCC_WARN_64_TO_32_BIT_CONVERSION = YES;
				GCC_WARN_ABOUT_RETURN_TYPE = YES_ERROR;
				GCC_WARN_UNDECLARED_SELECTOR = YES;
				GCC_WARN_UNINITIALIZED_AUTOS = YES_AGGRESSIVE;
				GCC_WARN_UNUSED_FUNCTION = YES;
				GCC_WARN_UNUSED_VARIABLE = YES;
				IPHONEOS_DEPLOYMENT_TARGET = 9.0;
				MTL_ENABLE_DEBUG_INFO = YES;
				ONLY_ACTIVE_ARCH = YES;
				SDKROOT = iphoneos;
				SWIFT_ACTIVE_COMPILATION_CONDITIONS = DEBUG;
				SWIFT_OPTIMIZATION_LEVEL = "-Onone";
				TARGETED_DEVICE_FAMILY = "1,2";
			};
			name = Debug;
		};
		1BEB21CD1F62BE5D00517EFC /* Release */ = {
			isa = XCBuildConfiguration;
			buildSettings = {
				ALWAYS_SEARCH_USER_PATHS = NO;
				CLANG_ANALYZER_NONNULL = YES;
				CLANG_ANALYZER_NUMBER_OBJECT_CONVERSION = YES_AGGRESSIVE;
				CLANG_CXX_LANGUAGE_STANDARD = "gnu++0x";
				CLANG_CXX_LIBRARY = "libc++";
				CLANG_ENABLE_MODULES = YES;
				CLANG_ENABLE_OBJC_ARC = YES;
				CLANG_WARN_BOOL_CONVERSION = YES;
				CLANG_WARN_CONSTANT_CONVERSION = YES;
				CLANG_WARN_DIRECT_OBJC_ISA_USAGE = YES_ERROR;
				CLANG_WARN_DOCUMENTATION_COMMENTS = YES;
				CLANG_WARN_EMPTY_BODY = YES;
				CLANG_WARN_ENUM_CONVERSION = YES;
				CLANG_WARN_INFINITE_RECURSION = YES;
				CLANG_WARN_INT_CONVERSION = YES;
				CLANG_WARN_OBJC_ROOT_CLASS = YES_ERROR;
				CLANG_WARN_SUSPICIOUS_MOVE = YES;
				CLANG_WARN_UNREACHABLE_CODE = YES;
				CLANG_WARN__DUPLICATE_METHOD_MATCH = YES;
				"CODE_SIGN_IDENTITY[sdk=iphoneos*]" = "iPhone Developer";
				COPY_PHASE_STRIP = NO;
				DEBUG_INFORMATION_FORMAT = "dwarf-with-dsym";
				ENABLE_NS_ASSERTIONS = NO;
				ENABLE_STRICT_OBJC_MSGSEND = YES;
				GCC_C_LANGUAGE_STANDARD = gnu99;
				GCC_NO_COMMON_BLOCKS = YES;
				GCC_WARN_64_TO_32_BIT_CONVERSION = YES;
				GCC_WARN_ABOUT_RETURN_TYPE = YES_ERROR;
				GCC_WARN_UNDECLARED_SELECTOR = YES;
				GCC_WARN_UNINITIALIZED_AUTOS = YES_AGGRESSIVE;
				GCC_WARN_UNUSED_FUNCTION = YES;
				GCC_WARN_UNUSED_VARIABLE = YES;
				IPHONEOS_DEPLOYMENT_TARGET = 9.0;
				MTL_ENABLE_DEBUG_INFO = NO;
				SDKROOT = iphoneos;
				SWIFT_OPTIMIZATION_LEVEL = "-Owholemodule";
				TARGETED_DEVICE_FAMILY = "1,2";
				VALIDATE_PRODUCT = YES;
			};
			name = Release;
		};
		1BEB21CF1F62BE5D00517EFC /* Debug */ = {
			isa = XCBuildConfiguration;
			baseConfigurationReference = 43C9283337CA8206515596F8 /* Pods-SAMobileArchitecture.debug.xcconfig */;
			buildSettings = {
				ASSETCATALOG_COMPILER_APPICON_NAME = AppIcon;
				DEVELOPMENT_TEAM = DCC9L689QJ;
				INFOPLIST_FILE = SAMobileArchitecture/Info.plist;
				IPHONEOS_DEPLOYMENT_TARGET = 9.0;
				LD_RUNPATH_SEARCH_PATHS = "$(inherited) @executable_path/Frameworks";
				PRODUCT_BUNDLE_IDENTIFIER = tv.example.SAMobileArchitecture;
				PRODUCT_NAME = "$(TARGET_NAME)";
				SWIFT_VERSION = 3.0;
			};
			name = Debug;
		};
		1BEB21D01F62BE5D00517EFC /* Release */ = {
			isa = XCBuildConfiguration;
			baseConfigurationReference = 719DDC4AFE5900782503CB6A /* Pods-SAMobileArchitecture.release.xcconfig */;
			buildSettings = {
				ASSETCATALOG_COMPILER_APPICON_NAME = AppIcon;
				DEVELOPMENT_TEAM = DCC9L689QJ;
				INFOPLIST_FILE = SAMobileArchitecture/Info.plist;
				IPHONEOS_DEPLOYMENT_TARGET = 9.0;
				LD_RUNPATH_SEARCH_PATHS = "$(inherited) @executable_path/Frameworks";
				PRODUCT_BUNDLE_IDENTIFIER = tv.example.SAMobileArchitecture;
				PRODUCT_NAME = "$(TARGET_NAME)";
				SWIFT_VERSION = 3.0;
			};
			name = Release;
		};
/* End XCBuildConfiguration section */

/* Begin XCConfigurationList section */
		1BEB21B71F62BE5D00517EFC /* Build configuration list for PBXProject "SAMobileArchitecture" */ = {
			isa = XCConfigurationList;
			buildConfigurations = (
				1BEB21CC1F62BE5D00517EFC /* Debug */,
				1BEB21CD1F62BE5D00517EFC /* Release */,
			);
			defaultConfigurationIsVisible = 0;
			defaultConfigurationName = Release;
		};
		1BEB21CE1F62BE5D00517EFC /* Build configuration list for PBXNativeTarget "SAMobileArchitecture" */ = {
			isa = XCConfigurationList;
			buildConfigurations = (
				1BEB21CF1F62BE5D00517EFC /* Debug */,
				1BEB21D01F62BE5D00517EFC /* Release */,
			);
			defaultConfigurationIsVisible = 0;
			defaultConfigurationName = Release;
		};
/* End XCConfigurationList section */
	};
	rootObject = 1BEB21B41F62BE5D00517EFC /* Project object */;
}
