// !$*UTF8*$!
{
	archiveVersion = 1;
	classes = {
	};
	objectVersion = 46;
	objects = {

/* Begin PBXBuildFile section */
		1BC33DA81F62CE49007B7ECF /* BackendModel.swift in Sources */ = {isa = PBXBuildFile; fileRef = 1BC33DA71F62CE49007B7ECF /* BackendModel.swift */; };
		1BC33DAA1F62CE7A007B7ECF /* BackendTask.swift in Sources */ = {isa = PBXBuildFile; fileRef = 1BC33DA91F62CE7A007B7ECF /* BackendTask.swift */; };
		1BC33DAC1F62CF24007B7ECF /* MainState.swift in Sources */ = {isa = PBXBuildFile; fileRef = 1BC33DAB1F62CF24007B7ECF /* MainState.swift */; };
		1BC33DAE1F62CF48007B7ECF /* MainPresenter.swift in Sources */ = {isa = PBXBuildFile; fileRef = 1BC33DAD1F62CF48007B7ECF /* MainPresenter.swift */; };
		1BC33DB01F62CF68007B7ECF /* BackendResult.swift in Sources */ = {isa = PBXBuildFile; fileRef = 1BC33DAF1F62CF68007B7ECF /* BackendResult.swift */; };
		1BC33DB21F62CF97007B7ECF /* BackendEvent.swift in Sources */ = {isa = PBXBuildFile; fileRef = 1BC33DB11F62CF97007B7ECF /* BackendEvent.swift */; };
		1BC33DB41F62EB61007B7ECF /* MainViewModel.swift in Sources */ = {isa = PBXBuildFile; fileRef = 1BC33DB31F62EB61007B7ECF /* MainViewModel.swift */; };
		1BC33DB91F62F0C0007B7ECF /* ItemCellViewModel.swift in Sources */ = {isa = PBXBuildFile; fileRef = 1BC33DB81F62F0C0007B7ECF /* ItemCellViewModel.swift */; };
		1BC33DBB1F62F1AE007B7ECF /* ItemCellState.swift in Sources */ = {isa = PBXBuildFile; fileRef = 1BC33DBA1F62F1AE007B7ECF /* ItemCellState.swift */; };
		1BC33DBD1F62F963007B7ECF /* ItemCellPresenter.swift in Sources */ = {isa = PBXBuildFile; fileRef = 1BC33DBC1F62F963007B7ECF /* ItemCellPresenter.swift */; };
		1BC33DC51F6546E8007B7ECF /* ItemCellResult.swift in Sources */ = {isa = PBXBuildFile; fileRef = 1BC33DC41F6546E8007B7ECF /* ItemCellResult.swift */; };
		1BC33DC81F654AE2007B7ECF /* ItemCellEvent.swift in Sources */ = {isa = PBXBuildFile; fileRef = 1BC33DC71F654AE2007B7ECF /* ItemCellEvent.swift */; };
		1BEB21C01F62BE5D00517EFC /* AppDelegate.swift in Sources */ = {isa = PBXBuildFile; fileRef = 1BEB21BF1F62BE5D00517EFC /* AppDelegate.swift */; };
		1BEB21C21F62BE5D00517EFC /* IntroController.swift in Sources */ = {isa = PBXBuildFile; fileRef = 1BEB21C11F62BE5D00517EFC /* IntroController.swift */; };
		1BEB21C51F62BE5D00517EFC /* Main.storyboard in Resources */ = {isa = PBXBuildFile; fileRef = 1BEB21C31F62BE5D00517EFC /* Main.storyboard */; };
		1BEB21C71F62BE5D00517EFC /* Assets.xcassets in Resources */ = {isa = PBXBuildFile; fileRef = 1BEB21C61F62BE5D00517EFC /* Assets.xcassets */; };
		1BEB21CA1F62BE5D00517EFC /* LaunchScreen.storyboard in Resources */ = {isa = PBXBuildFile; fileRef = 1BEB21C81F62BE5D00517EFC /* LaunchScreen.storyboard */; };
		1BEB21D71F62BF1000517EFC /* MainController.swift in Sources */ = {isa = PBXBuildFile; fileRef = 1BEB21D61F62BF1000517EFC /* MainController.swift */; };
		1BEB21DA1F62BF1E00517EFC /* FavouritesController.swift in Sources */ = {isa = PBXBuildFile; fileRef = 1BEB21D91F62BF1E00517EFC /* FavouritesController.swift */; };
		1BEB21DD1F62C10800517EFC /* ItemCell.swift in Sources */ = {isa = PBXBuildFile; fileRef = 1BEB21DC1F62C10800517EFC /* ItemCell.swift */; };
		1BEB21E01F62C21D00517EFC /* FavouriteCell.swift in Sources */ = {isa = PBXBuildFile; fileRef = 1BEB21DF1F62C21D00517EFC /* FavouriteCell.swift */; };
		1BEB21E41F62C2B800517EFC /* Request.swift in Sources */ = {isa = PBXBuildFile; fileRef = 1BEB21E31F62C2B800517EFC /* Request.swift */; };
		1BEB21E61F62C2C200517EFC /* Task.swift in Sources */ = {isa = PBXBuildFile; fileRef = 1BEB21E51F62C2C200517EFC /* Task.swift */; };
		1BEB21E81F62C2E600517EFC /* Event.swift in Sources */ = {isa = PBXBuildFile; fileRef = 1BEB21E71F62C2E600517EFC /* Event.swift */; };
		1BEB21EA1F62C2F600517EFC /* NavigationEvent.swift in Sources */ = {isa = PBXBuildFile; fileRef = 1BEB21E91F62C2F600517EFC /* NavigationEvent.swift */; };
		1BEB21EC1F62C38500517EFC /* IntroPresenter.swift in Sources */ = {isa = PBXBuildFile; fileRef = 1BEB21EB1F62C38500517EFC /* IntroPresenter.swift */; };
		1BEB21EE1F62C39100517EFC /* IntroState.swift in Sources */ = {isa = PBXBuildFile; fileRef = 1BEB21ED1F62C39100517EFC /* IntroState.swift */; };
		1BEB21F01F62C3F500517EFC /* Rx+Extensions.swift in Sources */ = {isa = PBXBuildFile; fileRef = 1BEB21EF1F62C3F500517EFC /* Rx+Extensions.swift */; };
		1BEB21F21F62C45200517EFC /* Presenter.swift in Sources */ = {isa = PBXBuildFile; fileRef = 1BEB21F11F62C45200517EFC /* Presenter.swift */; };
		1BEB21F41F62C46E00517EFC /* Result.swift in Sources */ = {isa = PBXBuildFile; fileRef = 1BEB21F31F62C46E00517EFC /* Result.swift */; };
		1BEB21F61F62C4A900517EFC /* State.swift in Sources */ = {isa = PBXBuildFile; fileRef = 1BEB21F51F62C4A900517EFC /* State.swift */; };
		1BEB21F81F62C55400517EFC /* NavigationResult.swift in Sources */ = {isa = PBXBuildFile; fileRef = 1BEB21F71F62C55400517EFC /* NavigationResult.swift */; };
		D386BAC5436B31F95C00FE52 /* Pods_SAMobileArchitecture.framework in Frameworks */ = {isa = PBXBuildFile; fileRef = B81108D22A4EF9A0B9872240 /* Pods_SAMobileArchitecture.framework */; };
/* End PBXBuildFile section */

/* Begin PBXFileReference section */
		1BC33DA71F62CE49007B7ECF /* BackendModel.swift */ = {isa = PBXFileReference; fileEncoding = 4; lastKnownFileType = sourcecode.swift; path = BackendModel.swift; sourceTree = "<group>"; };
		1BC33DA91F62CE7A007B7ECF /* BackendTask.swift */ = {isa = PBXFileReference; fileEncoding = 4; lastKnownFileType = sourcecode.swift; path = BackendTask.swift; sourceTree = "<group>"; };
		1BC33DAB1F62CF24007B7ECF /* MainState.swift */ = {isa = PBXFileReference; fileEncoding = 4; lastKnownFileType = sourcecode.swift; path = MainState.swift; sourceTree = "<group>"; };
		1BC33DAD1F62CF48007B7ECF /* MainPresenter.swift */ = {isa = PBXFileReference; fileEncoding = 4; lastKnownFileType = sourcecode.swift; path = MainPresenter.swift; sourceTree = "<group>"; };
		1BC33DAF1F62CF68007B7ECF /* BackendResult.swift */ = {isa = PBXFileReference; fileEncoding = 4; lastKnownFileType = sourcecode.swift; path = BackendResult.swift; sourceTree = "<group>"; };
		1BC33DB11F62CF97007B7ECF /* BackendEvent.swift */ = {isa = PBXFileReference; fileEncoding = 4; lastKnownFileType = sourcecode.swift; path = BackendEvent.swift; sourceTree = "<group>"; };
		1BC33DB31F62EB61007B7ECF /* MainViewModel.swift */ = {isa = PBXFileReference; fileEncoding = 4; lastKnownFileType = sourcecode.swift; path = MainViewModel.swift; sourceTree = "<group>"; };
		1BC33DB81F62F0C0007B7ECF /* ItemCellViewModel.swift */ = {isa = PBXFileReference; fileEncoding = 4; lastKnownFileType = sourcecode.swift; path = ItemCellViewModel.swift; sourceTree = "<group>"; };
		1BC33DBA1F62F1AE007B7ECF /* ItemCellState.swift */ = {isa = PBXFileReference; fileEncoding = 4; lastKnownFileType = sourcecode.swift; path = ItemCellState.swift; sourceTree = "<group>"; };
		1BC33DBC1F62F963007B7ECF /* ItemCellPresenter.swift */ = {isa = PBXFileReference; fileEncoding = 4; lastKnownFileType = sourcecode.swift; path = ItemCellPresenter.swift; sourceTree = "<group>"; };
		1BC33DC41F6546E8007B7ECF /* ItemCellResult.swift */ = {isa = PBXFileReference; fileEncoding = 4; lastKnownFileType = sourcecode.swift; path = ItemCellResult.swift; sourceTree = "<group>"; };
		1BC33DC71F654AE2007B7ECF /* ItemCellEvent.swift */ = {isa = PBXFileReference; fileEncoding = 4; lastKnownFileType = sourcecode.swift; path = ItemCellEvent.swift; sourceTree = "<group>"; };
		1BEB21BC1F62BE5D00517EFC /* SAMobileArchitecture.app */ = {isa = PBXFileReference; explicitFileType = wrapper.application; includeInIndex = 0; path = SAMobileArchitecture.app; sourceTree = BUILT_PRODUCTS_DIR; };
		1BEB21BF1F62BE5D00517EFC /* AppDelegate.swift */ = {isa = PBXFileReference; lastKnownFileType = sourcecode.swift; path = AppDelegate.swift; sourceTree = "<group>"; };
		1BEB21C11F62BE5D00517EFC /* IntroController.swift */ = {isa = PBXFileReference; lastKnownFileType = sourcecode.swift; path = IntroController.swift; sourceTree = "<group>"; };
		1BEB21C41F62BE5D00517EFC /* Base */ = {isa = PBXFileReference; lastKnownFileType = file.storyboard; name = Base; path = Base.lproj/Main.storyboard; sourceTree = "<group>"; };
		1BEB21C61F62BE5D00517EFC /* Assets.xcassets */ = {isa = PBXFileReference; lastKnownFileType = folder.assetcatalog; path = Assets.xcassets; sourceTree = "<group>"; };
		1BEB21C91F62BE5D00517EFC /* Base */ = {isa = PBXFileReference; lastKnownFileType = file.storyboard; name = Base; path = Base.lproj/LaunchScreen.storyboard; sourceTree = "<group>"; };
		1BEB21CB1F62BE5D00517EFC /* Info.plist */ = {isa = PBXFileReference; lastKnownFileType = text.plist.xml; path = Info.plist; sourceTree = "<group>"; };
		1BEB21D61F62BF1000517EFC /* MainController.swift */ = {isa = PBXFileReference; fileEncoding = 4; lastKnownFileType = sourcecode.swift; path = MainController.swift; sourceTree = "<group>"; };
		1BEB21D91F62BF1E00517EFC /* FavouritesController.swift */ = {isa = PBXFileReference; fileEncoding = 4; lastKnownFileType = sourcecode.swift; path = FavouritesController.swift; sourceTree = "<group>"; };
		1BEB21DC1F62C10800517EFC /* ItemCell.swift */ = {isa = PBXFileReference; fileEncoding = 4; lastKnownFileType = sourcecode.swift; path = ItemCell.swift; sourceTree = "<group>"; };
		1BEB21DF1F62C21D00517EFC /* FavouriteCell.swift */ = {isa = PBXFileReference; fileEncoding = 4; lastKnownFileType = sourcecode.swift; path = FavouriteCell.swift; sourceTree = "<group>"; };
		1BEB21E31F62C2B800517EFC /* Request.swift */ = {isa = PBXFileReference; fileEncoding = 4; lastKnownFileType = sourcecode.swift; path = Request.swift; sourceTree = "<group>"; };
		1BEB21E51F62C2C200517EFC /* Task.swift */ = {isa = PBXFileReference; fileEncoding = 4; lastKnownFileType = sourcecode.swift; path = Task.swift; sourceTree = "<group>"; };
		1BEB21E71F62C2E600517EFC /* Event.swift */ = {isa = PBXFileReference; fileEncoding = 4; lastKnownFileType = sourcecode.swift; path = Event.swift; sourceTree = "<group>"; };
		1BEB21E91F62C2F600517EFC /* NavigationEvent.swift */ = {isa = PBXFileReference; fileEncoding = 4; lastKnownFileType = sourcecode.swift; path = NavigationEvent.swift; sourceTree = "<group>"; };
		1BEB21EB1F62C38500517EFC /* IntroPresenter.swift */ = {isa = PBXFileReference; fileEncoding = 4; lastKnownFileType = sourcecode.swift; path = IntroPresenter.swift; sourceTree = "<group>"; };
		1BEB21ED1F62C39100517EFC /* IntroState.swift */ = {isa = PBXFileReference; fileEncoding = 4; lastKnownFileType = sourcecode.swift; path = IntroState.swift; sourceTree = "<group>"; };
		1BEB21EF1F62C3F500517EFC /* Rx+Extensions.swift */ = {isa = PBXFileReference; fileEncoding = 4; lastKnownFileType = sourcecode.swift; path = "Rx+Extensions.swift"; sourceTree = "<group>"; };
		1BEB21F11F62C45200517EFC /* Presenter.swift */ = {isa = PBXFileReference; fileEncoding = 4; lastKnownFileType = sourcecode.swift; path = Presenter.swift; sourceTree = "<group>"; };
		1BEB21F31F62C46E00517EFC /* Result.swift */ = {isa = PBXFileReference; fileEncoding = 4; lastKnownFileType = sourcecode.swift; path = Result.swift; sourceTree = "<group>"; };
		1BEB21F51F62C4A900517EFC /* State.swift */ = {isa = PBXFileReference; fileEncoding = 4; lastKnownFileType = sourcecode.swift; path = State.swift; sourceTree = "<group>"; };
		1BEB21F71F62C55400517EFC /* NavigationResult.swift */ = {isa = PBXFileReference; fileEncoding = 4; lastKnownFileType = sourcecode.swift; path = NavigationResult.swift; sourceTree = "<group>"; };
		20922A24E655ABE887305B4D /* Pods-SAMobileArchitecture.debug.xcconfig */ = {isa = PBXFileReference; includeInIndex = 1; lastKnownFileType = text.xcconfig; name = "Pods-SAMobileArchitecture.debug.xcconfig"; path = "Pods/Target Support Files/Pods-SAMobileArchitecture/Pods-SAMobileArchitecture.debug.xcconfig"; sourceTree = "<group>"; };
		2D229FD6ED5335989AE41F54 /* Pods-SAMobileArchitecture.release.xcconfig */ = {isa = PBXFileReference; includeInIndex = 1; lastKnownFileType = text.xcconfig; name = "Pods-SAMobileArchitecture.release.xcconfig"; path = "Pods/Target Support Files/Pods-SAMobileArchitecture/Pods-SAMobileArchitecture.release.xcconfig"; sourceTree = "<group>"; };
		B81108D22A4EF9A0B9872240 /* Pods_SAMobileArchitecture.framework */ = {isa = PBXFileReference; explicitFileType = wrapper.framework; includeInIndex = 0; path = Pods_SAMobileArchitecture.framework; sourceTree = BUILT_PRODUCTS_DIR; };
/* End PBXFileReference section */

/* Begin PBXFrameworksBuildPhase section */
		1BEB21B91F62BE5D00517EFC /* Frameworks */ = {
			isa = PBXFrameworksBuildPhase;
			buildActionMask = 2147483647;
			files = (
				D386BAC5436B31F95C00FE52 /* Pods_SAMobileArchitecture.framework in Frameworks */,
			);
			runOnlyForDeploymentPostprocessing = 0;
		};
/* End PBXFrameworksBuildPhase section */

/* Begin PBXGroup section */
		0F58FB2A28A354C76763660E /* Frameworks */ = {
			isa = PBXGroup;
			children = (
				B81108D22A4EF9A0B9872240 /* Pods_SAMobileArchitecture.framework */,
			);
			name = Frameworks;
			sourceTree = "<group>";
		};
		1BC33DA41F62CE2C007B7ECF /* Backend */ = {
			isa = PBXGroup;
			children = (
				1BC33DA61F62CE35007B7ECF /* Services */,
				1BC33DA51F62CE31007B7ECF /* Models */,
			);
			name = Backend;
			sourceTree = "<group>";
		};
		1BC33DA51F62CE31007B7ECF /* Models */ = {
			isa = PBXGroup;
			children = (
				1BC33DA71F62CE49007B7ECF /* BackendModel.swift */,
			);
			name = Models;
			sourceTree = "<group>";
		};
		1BC33DA61F62CE35007B7ECF /* Services */ = {
			isa = PBXGroup;
			children = (
				1BC33DA91F62CE7A007B7ECF /* BackendTask.swift */,
			);
			name = Services;
			sourceTree = "<group>";
		};
		1BC33DB51F62EDE1007B7ECF /* NavigationItem */ = {
			isa = PBXGroup;
			children = (
			);
			name = NavigationItem;
			sourceTree = "<group>";
		};
		1BC33DC21F6546BA007B7ECF /* Events */ = {
			isa = PBXGroup;
			children = (
				1BEB21E71F62C2E600517EFC /* Event.swift */,
				1BC33DB11F62CF97007B7ECF /* BackendEvent.swift */,
				1BEB21E91F62C2F600517EFC /* NavigationEvent.swift */,
				1BC33DC71F654AE2007B7ECF /* ItemCellEvent.swift */,
			);
			name = Events;
			sourceTree = "<group>";
		};
		1BC33DC31F6546C2007B7ECF /* Results */ = {
			isa = PBXGroup;
			children = (
				1BEB21F31F62C46E00517EFC /* Result.swift */,
				1BEB21F71F62C55400517EFC /* NavigationResult.swift */,
				1BC33DAF1F62CF68007B7ECF /* BackendResult.swift */,
				1BC33DC41F6546E8007B7ECF /* ItemCellResult.swift */,
			);
			name = Results;
			sourceTree = "<group>";
		};
		1BEB21B31F62BE5D00517EFC = {
			isa = PBXGroup;
			children = (
				1BEB21BE1F62BE5D00517EFC /* SAMobileArchitecture */,
				1BEB21BD1F62BE5D00517EFC /* Products */,
				F60A8AA5E9A201F19FCCD5D1 /* Pods */,
				0F58FB2A28A354C76763660E /* Frameworks */,
			);
			sourceTree = "<group>";
		};
		1BEB21BD1F62BE5D00517EFC /* Products */ = {
			isa = PBXGroup;
			children = (
				1BEB21BC1F62BE5D00517EFC /* SAMobileArchitecture.app */,
			);
			name = Products;
			sourceTree = "<group>";
		};
		1BEB21BE1F62BE5D00517EFC /* SAMobileArchitecture */ = {
			isa = PBXGroup;
			children = (
				1BEB21D31F62BEDE00517EFC /* Aux */,
				1BEB21D21F62BED500517EFC /* Storyboards */,
				1BEB21D11F62BED000517EFC /* App */,
				1BEB21E21F62C29B00517EFC /* Library */,
				1BEB21E11F62C29700517EFC /* Backend */,
			);
			path = SAMobileArchitecture;
			sourceTree = "<group>";
		};
		1BEB21D11F62BED000517EFC /* App */ = {
			isa = PBXGroup;
			children = (
				1BC33DB51F62EDE1007B7ECF /* NavigationItem */,
				1BEB21D41F62BEFF00517EFC /* Intro */,
				1BEB21D51F62BF0400517EFC /* Main */,
				1BEB21DB1F62C0F600517EFC /* ItemCell */,
				1BEB21D81F62BF1300517EFC /* Favourites */,
				1BEB21DE1F62C21100517EFC /* FavouriteCell */,
			);
			name = App;
			sourceTree = "<group>";
		};
		1BEB21D21F62BED500517EFC /* Storyboards */ = {
			isa = PBXGroup;
			children = (
				1BEB21C31F62BE5D00517EFC /* Main.storyboard */,
				1BEB21C81F62BE5D00517EFC /* LaunchScreen.storyboard */,
			);
			name = Storyboards;
			sourceTree = "<group>";
		};
		1BEB21D31F62BEDE00517EFC /* Aux */ = {
			isa = PBXGroup;
			children = (
				1BEB21BF1F62BE5D00517EFC /* AppDelegate.swift */,
				1BEB21C61F62BE5D00517EFC /* Assets.xcassets */,
				1BEB21CB1F62BE5D00517EFC /* Info.plist */,
			);
			name = Aux;
			sourceTree = "<group>";
		};
		1BEB21D41F62BEFF00517EFC /* Intro */ = {
			isa = PBXGroup;
			children = (
				1BEB21ED1F62C39100517EFC /* IntroState.swift */,
				1BEB21C11F62BE5D00517EFC /* IntroController.swift */,
				1BEB21EB1F62C38500517EFC /* IntroPresenter.swift */,
			);
			name = Intro;
			sourceTree = "<group>";
		};
		1BEB21D51F62BF0400517EFC /* Main */ = {
			isa = PBXGroup;
			children = (
				1BC33DAB1F62CF24007B7ECF /* MainState.swift */,
				1BEB21D61F62BF1000517EFC /* MainController.swift */,
				1BC33DAD1F62CF48007B7ECF /* MainPresenter.swift */,
				1BC33DB31F62EB61007B7ECF /* MainViewModel.swift */,
			);
			name = Main;
			sourceTree = "<group>";
		};
		1BEB21D81F62BF1300517EFC /* Favourites */ = {
			isa = PBXGroup;
			children = (
				1BEB21D91F62BF1E00517EFC /* FavouritesController.swift */,
			);
			name = Favourites;
			sourceTree = "<group>";
		};
		1BEB21DB1F62C0F600517EFC /* ItemCell */ = {
			isa = PBXGroup;
			children = (
				1BC33DBA1F62F1AE007B7ECF /* ItemCellState.swift */,
				1BEB21DC1F62C10800517EFC /* ItemCell.swift */,
				1BC33DBC1F62F963007B7ECF /* ItemCellPresenter.swift */,
				1BC33DB81F62F0C0007B7ECF /* ItemCellViewModel.swift */,
			);
			name = ItemCell;
			sourceTree = "<group>";
		};
		1BEB21DE1F62C21100517EFC /* FavouriteCell */ = {
			isa = PBXGroup;
			children = (
				1BEB21DF1F62C21D00517EFC /* FavouriteCell.swift */,
			);
			name = FavouriteCell;
			sourceTree = "<group>";
		};
		1BEB21E11F62C29700517EFC /* Backend */ = {
			isa = PBXGroup;
			children = (
				1BC33DA41F62CE2C007B7ECF /* Backend */,
				1BEB21E31F62C2B800517EFC /* Request.swift */,
				1BEB21E51F62C2C200517EFC /* Task.swift */,
			);
			name = Backend;
			sourceTree = "<group>";
		};
		1BEB21E21F62C29B00517EFC /* Library */ = {
			isa = PBXGroup;
			children = (
				1BC33DC31F6546C2007B7ECF /* Results */,
				1BC33DC21F6546BA007B7ECF /* Events */,
				1BEB21F51F62C4A900517EFC /* State.swift */,
				1BEB21EF1F62C3F500517EFC /* Rx+Extensions.swift */,
				1BEB21F11F62C45200517EFC /* Presenter.swift */,
			);
			name = Library;
			sourceTree = "<group>";
		};
		F60A8AA5E9A201F19FCCD5D1 /* Pods */ = {
			isa = PBXGroup;
			children = (
				20922A24E655ABE887305B4D /* Pods-SAMobileArchitecture.debug.xcconfig */,
				2D229FD6ED5335989AE41F54 /* Pods-SAMobileArchitecture.release.xcconfig */,
			);
			name = Pods;
			sourceTree = "<group>";
		};
/* End PBXGroup section */

/* Begin PBXNativeTarget section */
		1BEB21BB1F62BE5D00517EFC /* SAMobileArchitecture */ = {
			isa = PBXNativeTarget;
			buildConfigurationList = 1BEB21CE1F62BE5D00517EFC /* Build configuration list for PBXNativeTarget "SAMobileArchitecture" */;
			buildPhases = (
				70B73963A34A546C565F78D9 /* [CP] Check Pods Manifest.lock */,
				1BEB21B81F62BE5D00517EFC /* Sources */,
				1BEB21B91F62BE5D00517EFC /* Frameworks */,
				1BEB21BA1F62BE5D00517EFC /* Resources */,
				D82EF4FCAAC510D286B237AA /* [CP] Embed Pods Frameworks */,
				196AFFC8AA00EB65D6DBE552 /* [CP] Copy Pods Resources */,
			);
			buildRules = (
			);
			dependencies = (
			);
			name = SAMobileArchitecture;
			productName = SAMobileArchitecture;
			productReference = 1BEB21BC1F62BE5D00517EFC /* SAMobileArchitecture.app */;
			productType = "com.apple.product-type.application";
		};
/* End PBXNativeTarget section */

/* Begin PBXProject section */
		1BEB21B41F62BE5D00517EFC /* Project object */ = {
			isa = PBXProject;
			attributes = {
				LastSwiftUpdateCheck = 0830;
				LastUpgradeCheck = 0830;
				ORGANIZATIONNAME = "Gabriel Coman";
				TargetAttributes = {
					1BEB21BB1F62BE5D00517EFC = {
						CreatedOnToolsVersion = 8.3.3;
						DevelopmentTeam = DCC9L689QJ;
						ProvisioningStyle = Automatic;
					};
				};
			};
			buildConfigurationList = 1BEB21B71F62BE5D00517EFC /* Build configuration list for PBXProject "SAMobileArchitecture" */;
			compatibilityVersion = "Xcode 3.2";
			developmentRegion = English;
			hasScannedForEncodings = 0;
			knownRegions = (
				en,
				Base,
			);
			mainGroup = 1BEB21B31F62BE5D00517EFC;
			productRefGroup = 1BEB21BD1F62BE5D00517EFC /* Products */;
			projectDirPath = "";
			projectRoot = "";
			targets = (
				1BEB21BB1F62BE5D00517EFC /* SAMobileArchitecture */,
			);
		};
/* End PBXProject section */

/* Begin PBXResourcesBuildPhase section */
		1BEB21BA1F62BE5D00517EFC /* Resources */ = {
			isa = PBXResourcesBuildPhase;
			buildActionMask = 2147483647;
			files = (
				1BEB21CA1F62BE5D00517EFC /* LaunchScreen.storyboard in Resources */,
				1BEB21C71F62BE5D00517EFC /* Assets.xcassets in Resources */,
				1BEB21C51F62BE5D00517EFC /* Main.storyboard in Resources */,
			);
			runOnlyForDeploymentPostprocessing = 0;
		};
/* End PBXResourcesBuildPhase section */

/* Begin PBXShellScriptBuildPhase section */
		196AFFC8AA00EB65D6DBE552 /* [CP] Copy Pods Resources */ = {
			isa = PBXShellScriptBuildPhase;
			buildActionMask = 2147483647;
			files = (
			);
			inputPaths = (
			);
			name = "[CP] Copy Pods Resources";
			outputPaths = (
			);
			runOnlyForDeploymentPostprocessing = 0;
			shellPath = /bin/sh;
			shellScript = "\"${SRCROOT}/Pods/Target Support Files/Pods-SAMobileArchitecture/Pods-SAMobileArchitecture-resources.sh\"\n";
			showEnvVarsInLog = 0;
		};
		70B73963A34A546C565F78D9 /* [CP] Check Pods Manifest.lock */ = {
			isa = PBXShellScriptBuildPhase;
			buildActionMask = 2147483647;
			files = (
			);
			inputPaths = (
			);
			name = "[CP] Check Pods Manifest.lock";
			outputPaths = (
			);
			runOnlyForDeploymentPostprocessing = 0;
			shellPath = /bin/sh;
			shellScript = "diff \"${PODS_PODFILE_DIR_PATH}/Podfile.lock\" \"${PODS_ROOT}/Manifest.lock\" > /dev/null\nif [ $? != 0 ] ; then\n    # print error to STDERR\n    echo \"error: The sandbox is not in sync with the Podfile.lock. Run 'pod install' or update your CocoaPods installation.\" >&2\n    exit 1\nfi\n";
			showEnvVarsInLog = 0;
		};
		D82EF4FCAAC510D286B237AA /* [CP] Embed Pods Frameworks */ = {
			isa = PBXShellScriptBuildPhase;
			buildActionMask = 2147483647;
			files = (
			);
			inputPaths = (
			);
			name = "[CP] Embed Pods Frameworks";
			outputPaths = (
			);
			runOnlyForDeploymentPostprocessing = 0;
			shellPath = /bin/sh;
			shellScript = "\"${SRCROOT}/Pods/Target Support Files/Pods-SAMobileArchitecture/Pods-SAMobileArchitecture-frameworks.sh\"\n";
			showEnvVarsInLog = 0;
		};
/* End PBXShellScriptBuildPhase section */

/* Begin PBXSourcesBuildPhase section */
		1BEB21B81F62BE5D00517EFC /* Sources */ = {
			isa = PBXSourcesBuildPhase;
			buildActionMask = 2147483647;
			files = (
				1BEB21E61F62C2C200517EFC /* Task.swift in Sources */,
				1BEB21E81F62C2E600517EFC /* Event.swift in Sources */,
				1BC33DBD1F62F963007B7ECF /* ItemCellPresenter.swift in Sources */,
				1BEB21EA1F62C2F600517EFC /* NavigationEvent.swift in Sources */,
				1BEB21C21F62BE5D00517EFC /* IntroController.swift in Sources */,
				1BC33DA81F62CE49007B7ECF /* BackendModel.swift in Sources */,
				1BEB21F01F62C3F500517EFC /* Rx+Extensions.swift in Sources */,
				1BC33DAA1F62CE7A007B7ECF /* BackendTask.swift in Sources */,
				1BEB21EE1F62C39100517EFC /* IntroState.swift in Sources */,
				1BEB21F41F62C46E00517EFC /* Result.swift in Sources */,
				1BC33DB91F62F0C0007B7ECF /* ItemCellViewModel.swift in Sources */,
				1BEB21F61F62C4A900517EFC /* State.swift in Sources */,
				1BEB21E01F62C21D00517EFC /* FavouriteCell.swift in Sources */,
				1BC33DB01F62CF68007B7ECF /* BackendResult.swift in Sources */,
				1BC33DC51F6546E8007B7ECF /* ItemCellResult.swift in Sources */,
				1BEB21DD1F62C10800517EFC /* ItemCell.swift in Sources */,
				1BEB21F81F62C55400517EFC /* NavigationResult.swift in Sources */,
				1BEB21F21F62C45200517EFC /* Presenter.swift in Sources */,
				1BC33DC81F654AE2007B7ECF /* ItemCellEvent.swift in Sources */,
				1BEB21DA1F62BF1E00517EFC /* FavouritesController.swift in Sources */,
				1BEB21E41F62C2B800517EFC /* Request.swift in Sources */,
				1BC33DAC1F62CF24007B7ECF /* MainState.swift in Sources */,
				1BEB21D71F62BF1000517EFC /* MainController.swift in Sources */,
				1BC33DBB1F62F1AE007B7ECF /* ItemCellState.swift in Sources */,
				1BEB21C01F62BE5D00517EFC /* AppDelegate.swift in Sources */,
				1BC33DAE1F62CF48007B7ECF /* MainPresenter.swift in Sources */,
				1BC33DB21F62CF97007B7ECF /* BackendEvent.swift in Sources */,
				1BEB21EC1F62C38500517EFC /* IntroPresenter.swift in Sources */,
				1BC33DB41F62EB61007B7ECF /* MainViewModel.swift in Sources */,
			);
			runOnlyForDeploymentPostprocessing = 0;
		};
/* End PBXSourcesBuildPhase section */

/* Begin PBXVariantGroup section */
		1BEB21C31F62BE5D00517EFC /* Main.storyboard */ = {
			isa = PBXVariantGroup;
			children = (
				1BEB21C41F62BE5D00517EFC /* Base */,
			);
			name = Main.storyboard;
			sourceTree = "<group>";
		};
		1BEB21C81F62BE5D00517EFC /* LaunchScreen.storyboard */ = {
			isa = PBXVariantGroup;
			children = (
				1BEB21C91F62BE5D00517EFC /* Base */,
			);
			name = LaunchScreen.storyboard;
			sourceTree = "<group>";
		};
/* End PBXVariantGroup section */

/* Begin XCBuildConfiguration section */
		1BEB21CC1F62BE5D00517EFC /* Debug */ = {
			isa = XCBuildConfiguration;
			buildSettings = {
				ALWAYS_SEARCH_USER_PATHS = NO;
				CLANG_ANALYZER_NONNULL = YES;
				CLANG_ANALYZER_NUMBER_OBJECT_CONVERSION = YES_AGGRESSIVE;
				CLANG_CXX_LANGUAGE_STANDARD = "gnu++0x";
				CLANG_CXX_LIBRARY = "libc++";
				CLANG_ENABLE_MODULES = YES;
				CLANG_ENABLE_OBJC_ARC = YES;
				CLANG_WARN_BOOL_CONVERSION = YES;
				CLANG_WARN_CONSTANT_CONVERSION = YES;
				CLANG_WARN_DIRECT_OBJC_ISA_USAGE = YES_ERROR;
				CLANG_WARN_DOCUMENTATION_COMMENTS = YES;
				CLANG_WARN_EMPTY_BODY = YES;
				CLANG_WARN_ENUM_CONVERSION = YES;
				CLANG_WARN_INFINITE_RECURSION = YES;
				CLANG_WARN_INT_CONVERSION = YES;
				CLANG_WARN_OBJC_ROOT_CLASS = YES_ERROR;
				CLANG_WARN_SUSPICIOUS_MOVE = YES;
				CLANG_WARN_UNREACHABLE_CODE = YES;
				CLANG_WARN__DUPLICATE_METHOD_MATCH = YES;
				"CODE_SIGN_IDENTITY[sdk=iphoneos*]" = "iPhone Developer";
				COPY_PHASE_STRIP = NO;
				DEBUG_INFORMATION_FORMAT = dwarf;
				ENABLE_STRICT_OBJC_MSGSEND = YES;
				ENABLE_TESTABILITY = YES;
				GCC_C_LANGUAGE_STANDARD = gnu99;
				GCC_DYNAMIC_NO_PIC = NO;
				GCC_NO_COMMON_BLOCKS = YES;
				GCC_OPTIMIZATION_LEVEL = 0;
				GCC_PREPROCESSOR_DEFINITIONS = (
					"DEBUG=1",
					"$(inherited)",
				);
				GCC_WARN_64_TO_32_BIT_CONVERSION = YES;
				GCC_WARN_ABOUT_RETURN_TYPE = YES_ERROR;
				GCC_WARN_UNDECLARED_SELECTOR = YES;
				GCC_WARN_UNINITIALIZED_AUTOS = YES_AGGRESSIVE;
				GCC_WARN_UNUSED_FUNCTION = YES;
				GCC_WARN_UNUSED_VARIABLE = YES;
				IPHONEOS_DEPLOYMENT_TARGET = 9.0;
				MTL_ENABLE_DEBUG_INFO = YES;
				ONLY_ACTIVE_ARCH = YES;
				SDKROOT = iphoneos;
				SWIFT_ACTIVE_COMPILATION_CONDITIONS = DEBUG;
				SWIFT_OPTIMIZATION_LEVEL = "-Onone";
				TARGETED_DEVICE_FAMILY = "1,2";
			};
			name = Debug;
		};
		1BEB21CD1F62BE5D00517EFC /* Release */ = {
			isa = XCBuildConfiguration;
			buildSettings = {
				ALWAYS_SEARCH_USER_PATHS = NO;
				CLANG_ANALYZER_NONNULL = YES;
				CLANG_ANALYZER_NUMBER_OBJECT_CONVERSION = YES_AGGRESSIVE;
				CLANG_CXX_LANGUAGE_STANDARD = "gnu++0x";
				CLANG_CXX_LIBRARY = "libc++";
				CLANG_ENABLE_MODULES = YES;
				CLANG_ENABLE_OBJC_ARC = YES;
				CLANG_WARN_BOOL_CONVERSION = YES;
				CLANG_WARN_CONSTANT_CONVERSION = YES;
				CLANG_WARN_DIRECT_OBJC_ISA_USAGE = YES_ERROR;
				CLANG_WARN_DOCUMENTATION_COMMENTS = YES;
				CLANG_WARN_EMPTY_BODY = YES;
				CLANG_WARN_ENUM_CONVERSION = YES;
				CLANG_WARN_INFINITE_RECURSION = YES;
				CLANG_WARN_INT_CONVERSION = YES;
				CLANG_WARN_OBJC_ROOT_CLASS = YES_ERROR;
				CLANG_WARN_SUSPICIOUS_MOVE = YES;
				CLANG_WARN_UNREACHABLE_CODE = YES;
				CLANG_WARN__DUPLICATE_METHOD_MATCH = YES;
				"CODE_SIGN_IDENTITY[sdk=iphoneos*]" = "iPhone Developer";
				COPY_PHASE_STRIP = NO;
				DEBUG_INFORMATION_FORMAT = "dwarf-with-dsym";
				ENABLE_NS_ASSERTIONS = NO;
				ENABLE_STRICT_OBJC_MSGSEND = YES;
				GCC_C_LANGUAGE_STANDARD = gnu99;
				GCC_NO_COMMON_BLOCKS = YES;
				GCC_WARN_64_TO_32_BIT_CONVERSION = YES;
				GCC_WARN_ABOUT_RETURN_TYPE = YES_ERROR;
				GCC_WARN_UNDECLARED_SELECTOR = YES;
				GCC_WARN_UNINITIALIZED_AUTOS = YES_AGGRESSIVE;
				GCC_WARN_UNUSED_FUNCTION = YES;
				GCC_WARN_UNUSED_VARIABLE = YES;
				IPHONEOS_DEPLOYMENT_TARGET = 9.0;
				MTL_ENABLE_DEBUG_INFO = NO;
				SDKROOT = iphoneos;
				SWIFT_OPTIMIZATION_LEVEL = "-Owholemodule";
				TARGETED_DEVICE_FAMILY = "1,2";
				VALIDATE_PRODUCT = YES;
			};
			name = Release;
		};
		1BEB21CF1F62BE5D00517EFC /* Debug */ = {
			isa = XCBuildConfiguration;
			baseConfigurationReference = 20922A24E655ABE887305B4D /* Pods-SAMobileArchitecture.debug.xcconfig */;
			buildSettings = {
				ASSETCATALOG_COMPILER_APPICON_NAME = AppIcon;
				DEVELOPMENT_TEAM = DCC9L689QJ;
				INFOPLIST_FILE = SAMobileArchitecture/Info.plist;
				IPHONEOS_DEPLOYMENT_TARGET = 9.0;
				LD_RUNPATH_SEARCH_PATHS = "$(inherited) @executable_path/Frameworks";
				PRODUCT_BUNDLE_IDENTIFIER = tv.example.SAMobileArchitecture;
				PRODUCT_NAME = "$(TARGET_NAME)";
				SWIFT_VERSION = 3.0;
			};
			name = Debug;
		};
		1BEB21D01F62BE5D00517EFC /* Release */ = {
			isa = XCBuildConfiguration;
			baseConfigurationReference = 2D229FD6ED5335989AE41F54 /* Pods-SAMobileArchitecture.release.xcconfig */;
			buildSettings = {
				ASSETCATALOG_COMPILER_APPICON_NAME = AppIcon;
				DEVELOPMENT_TEAM = DCC9L689QJ;
				INFOPLIST_FILE = SAMobileArchitecture/Info.plist;
				IPHONEOS_DEPLOYMENT_TARGET = 9.0;
				LD_RUNPATH_SEARCH_PATHS = "$(inherited) @executable_path/Frameworks";
				PRODUCT_BUNDLE_IDENTIFIER = tv.example.SAMobileArchitecture;
				PRODUCT_NAME = "$(TARGET_NAME)";
				SWIFT_VERSION = 3.0;
			};
			name = Release;
		};
/* End XCBuildConfiguration section */

/* Begin XCConfigurationList section */
		1BEB21B71F62BE5D00517EFC /* Build configuration list for PBXProject "SAMobileArchitecture" */ = {
			isa = XCConfigurationList;
			buildConfigurations = (
				1BEB21CC1F62BE5D00517EFC /* Debug */,
				1BEB21CD1F62BE5D00517EFC /* Release */,
			);
			defaultConfigurationIsVisible = 0;
			defaultConfigurationName = Release;
		};
		1BEB21CE1F62BE5D00517EFC /* Build configuration list for PBXNativeTarget "SAMobileArchitecture" */ = {
			isa = XCConfigurationList;
			buildConfigurations = (
				1BEB21CF1F62BE5D00517EFC /* Debug */,
				1BEB21D01F62BE5D00517EFC /* Release */,
			);
			defaultConfigurationIsVisible = 0;
			defaultConfigurationName = Release;
		};
/* End XCConfigurationList section */
	};
	rootObject = 1BEB21B41F62BE5D00517EFC /* Project object */;
}
